// !$*UTF8*$!
{
	archiveVersion = 1;
	classes = {
	};
	objectVersion = 50;
	objects = {

/* Begin PBXBuildFile section */
		6735F9CE216F765600F927E4 /* AppDelegate.swift in Sources */ = {isa = PBXBuildFile; fileRef = 6735F9CD216F765600F927E4 /* AppDelegate.swift */; };
		6735F9D0216F765600F927E4 /* GameScene.sks in Resources */ = {isa = PBXBuildFile; fileRef = 6735F9CF216F765600F927E4 /* GameScene.sks */; };
		6735F9D4216F765600F927E4 /* GameScene.swift in Sources */ = {isa = PBXBuildFile; fileRef = 6735F9D3216F765600F927E4 /* GameScene.swift */; };
		6735F9D6216F765600F927E4 /* GameViewController.swift in Sources */ = {isa = PBXBuildFile; fileRef = 6735F9D5216F765600F927E4 /* GameViewController.swift */; };
		6735F9D9216F765600F927E4 /* Main.storyboard in Resources */ = {isa = PBXBuildFile; fileRef = 6735F9D7216F765600F927E4 /* Main.storyboard */; };
		6735F9DB216F765800F927E4 /* Assets.xcassets in Resources */ = {isa = PBXBuildFile; fileRef = 6735F9DA216F765800F927E4 /* Assets.xcassets */; };
		6735F9DE216F765800F927E4 /* LaunchScreen.storyboard in Resources */ = {isa = PBXBuildFile; fileRef = 6735F9DC216F765800F927E4 /* LaunchScreen.storyboard */; };
		6735F9E9216F765800F927E4 /* HoleAppTests.swift in Sources */ = {isa = PBXBuildFile; fileRef = 6735F9E8216F765800F927E4 /* HoleAppTests.swift */; };
		67704A56216FFCAD00FD5693 /* HoleFramework.framework in Frameworks */ = {isa = PBXBuildFile; fileRef = 67704A55216FFCAD00FD5693 /* HoleFramework.framework */; };
		67704A57216FFCAD00FD5693 /* HoleFramework.framework in Embed Frameworks */ = {isa = PBXBuildFile; fileRef = 67704A55216FFCAD00FD5693 /* HoleFramework.framework */; settings = {ATTRIBUTES = (CodeSignOnCopy, RemoveHeadersOnCopy, ); }; };
/* End PBXBuildFile section */

/* Begin PBXContainerItemProxy section */
		6735F9E5216F765800F927E4 /* PBXContainerItemProxy */ = {
			isa = PBXContainerItemProxy;
			containerPortal = 6735F9C2216F765600F927E4 /* Project object */;
			proxyType = 1;
			remoteGlobalIDString = 6735F9C9216F765600F927E4;
			remoteInfo = HoleApp;
		};
/* End PBXContainerItemProxy section */

/* Begin PBXCopyFilesBuildPhase section */
		6735F9FA216F825C00F927E4 /* Embed Frameworks */ = {
			isa = PBXCopyFilesBuildPhase;
			buildActionMask = 2147483647;
			dstPath = "";
			dstSubfolderSpec = 10;
			files = (
				67704A57216FFCAD00FD5693 /* HoleFramework.framework in Embed Frameworks */,
			);
			name = "Embed Frameworks";
			runOnlyForDeploymentPostprocessing = 0;
		};
/* End PBXCopyFilesBuildPhase section */

/* Begin PBXFileReference section */
		6735F9CA216F765600F927E4 /* HoleApp.app */ = {isa = PBXFileReference; explicitFileType = wrapper.application; includeInIndex = 0; path = HoleApp.app; sourceTree = BUILT_PRODUCTS_DIR; };
		6735F9CD216F765600F927E4 /* AppDelegate.swift */ = {isa = PBXFileReference; lastKnownFileType = sourcecode.swift; path = AppDelegate.swift; sourceTree = "<group>"; };
		6735F9CF216F765600F927E4 /* GameScene.sks */ = {isa = PBXFileReference; lastKnownFileType = file.sks; path = GameScene.sks; sourceTree = "<group>"; };
		6735F9D3216F765600F927E4 /* GameScene.swift */ = {isa = PBXFileReference; lastKnownFileType = sourcecode.swift; path = GameScene.swift; sourceTree = "<group>"; };
		6735F9D5216F765600F927E4 /* GameViewController.swift */ = {isa = PBXFileReference; lastKnownFileType = sourcecode.swift; path = GameViewController.swift; sourceTree = "<group>"; };
		6735F9D8216F765600F927E4 /* Base */ = {isa = PBXFileReference; lastKnownFileType = file.storyboard; name = Base; path = Base.lproj/Main.storyboard; sourceTree = "<group>"; };
		6735F9DA216F765800F927E4 /* Assets.xcassets */ = {isa = PBXFileReference; lastKnownFileType = folder.assetcatalog; path = Assets.xcassets; sourceTree = "<group>"; };
		6735F9DD216F765800F927E4 /* Base */ = {isa = PBXFileReference; lastKnownFileType = file.storyboard; name = Base; path = Base.lproj/LaunchScreen.storyboard; sourceTree = "<group>"; };
		6735F9DF216F765800F927E4 /* Info.plist */ = {isa = PBXFileReference; lastKnownFileType = text.plist.xml; path = Info.plist; sourceTree = "<group>"; };
		6735F9E4216F765800F927E4 /* HoleAppTests.xctest */ = {isa = PBXFileReference; explicitFileType = wrapper.cfbundle; includeInIndex = 0; path = HoleAppTests.xctest; sourceTree = BUILT_PRODUCTS_DIR; };
		6735F9E8216F765800F927E4 /* HoleAppTests.swift */ = {isa = PBXFileReference; lastKnownFileType = sourcecode.swift; path = HoleAppTests.swift; sourceTree = "<group>"; };
		6735F9EA216F765800F927E4 /* Info.plist */ = {isa = PBXFileReference; lastKnownFileType = text.plist.xml; path = Info.plist; sourceTree = "<group>"; };
		67704A55216FFCAD00FD5693 /* HoleFramework.framework */ = {isa = PBXFileReference; explicitFileType = wrapper.framework; path = HoleFramework.framework; sourceTree = BUILT_PRODUCTS_DIR; };
/* End PBXFileReference section */

/* Begin PBXFrameworksBuildPhase section */
		6735F9C7216F765600F927E4 /* Frameworks */ = {
			isa = PBXFrameworksBuildPhase;
			buildActionMask = 2147483647;
			files = (
				67704A56216FFCAD00FD5693 /* HoleFramework.framework in Frameworks */,
			);
			runOnlyForDeploymentPostprocessing = 0;
		};
		6735F9E1216F765800F927E4 /* Frameworks */ = {
			isa = PBXFrameworksBuildPhase;
			buildActionMask = 2147483647;
			files = (
			);
			runOnlyForDeploymentPostprocessing = 0;
		};
/* End PBXFrameworksBuildPhase section */

/* Begin PBXGroup section */
		6735F9C1216F765600F927E4 = {
			isa = PBXGroup;
			children = (
				67704A55216FFCAD00FD5693 /* HoleFramework.framework */,
				6735F9CC216F765600F927E4 /* HoleApp */,
				6735F9E7216F765800F927E4 /* HoleAppTests */,
				6735F9CB216F765600F927E4 /* Products */,
			);
			sourceTree = "<group>";
		};
		6735F9CB216F765600F927E4 /* Products */ = {
			isa = PBXGroup;
			children = (
				6735F9CA216F765600F927E4 /* HoleApp.app */,
				6735F9E4216F765800F927E4 /* HoleAppTests.xctest */,
			);
			name = Products;
			sourceTree = "<group>";
		};
		6735F9CC216F765600F927E4 /* HoleApp */ = {
			isa = PBXGroup;
			children = (
				6735F9CD216F765600F927E4 /* AppDelegate.swift */,
				6735F9CF216F765600F927E4 /* GameScene.sks */,
				6735F9D3216F765600F927E4 /* GameScene.swift */,
				6735F9D5216F765600F927E4 /* GameViewController.swift */,
				6735F9D7216F765600F927E4 /* Main.storyboard */,
				6735F9DA216F765800F927E4 /* Assets.xcassets */,
				6735F9DC216F765800F927E4 /* LaunchScreen.storyboard */,
				6735F9DF216F765800F927E4 /* Info.plist */,
			);
			path = HoleApp;
			sourceTree = "<group>";
		};
		6735F9E7216F765800F927E4 /* HoleAppTests */ = {
			isa = PBXGroup;
			children = (
				6735F9E8216F765800F927E4 /* HoleAppTests.swift */,
				6735F9EA216F765800F927E4 /* Info.plist */,
			);
			path = HoleAppTests;
			sourceTree = "<group>";
		};
/* End PBXGroup section */

/* Begin PBXNativeTarget section */
		6735F9C9216F765600F927E4 /* HoleApp */ = {
			isa = PBXNativeTarget;
			buildConfigurationList = 6735F9ED216F765800F927E4 /* Build configuration list for PBXNativeTarget "HoleApp" */;
			buildPhases = (
				6735F9C6216F765600F927E4 /* Sources */,
				6735F9C7216F765600F927E4 /* Frameworks */,
				6735F9C8216F765600F927E4 /* Resources */,
				6735F9FA216F825C00F927E4 /* Embed Frameworks */,
			);
			buildRules = (
			);
			dependencies = (
			);
			name = HoleApp;
			productName = HoleApp;
			productReference = 6735F9CA216F765600F927E4 /* HoleApp.app */;
			productType = "com.apple.product-type.application";
		};
		6735F9E3216F765800F927E4 /* HoleAppTests */ = {
			isa = PBXNativeTarget;
			buildConfigurationList = 6735F9F0216F765800F927E4 /* Build configuration list for PBXNativeTarget "HoleAppTests" */;
			buildPhases = (
				6735F9E0216F765800F927E4 /* Sources */,
				6735F9E1216F765800F927E4 /* Frameworks */,
				6735F9E2216F765800F927E4 /* Resources */,
			);
			buildRules = (
			);
			dependencies = (
				6735F9E6216F765800F927E4 /* PBXTargetDependency */,
			);
			name = HoleAppTests;
			productName = HoleAppTests;
			productReference = 6735F9E4216F765800F927E4 /* HoleAppTests.xctest */;
			productType = "com.apple.product-type.bundle.unit-test";
		};
/* End PBXNativeTarget section */

/* Begin PBXProject section */
		6735F9C2216F765600F927E4 /* Project object */ = {
			isa = PBXProject;
			attributes = {
				LastSwiftUpdateCheck = 1000;
				LastUpgradeCheck = 1000;
				ORGANIZATIONNAME = nthState;
				TargetAttributes = {
					6735F9C9216F765600F927E4 = {
						CreatedOnToolsVersion = 10.0;
					};
					6735F9E3216F765800F927E4 = {
						CreatedOnToolsVersion = 10.0;
						TestTargetID = 6735F9C9216F765600F927E4;
					};
				};
			};
			buildConfigurationList = 6735F9C5216F765600F927E4 /* Build configuration list for PBXProject "HoleApp" */;
			compatibilityVersion = "Xcode 9.3";
			developmentRegion = en;
			hasScannedForEncodings = 0;
			knownRegions = (
				en,
				Base,
			);
			mainGroup = 6735F9C1216F765600F927E4;
			productRefGroup = 6735F9CB216F765600F927E4 /* Products */;
			projectDirPath = "";
			projectRoot = "";
			targets = (
				6735F9C9216F765600F927E4 /* HoleApp */,
				6735F9E3216F765800F927E4 /* HoleAppTests */,
			);
		};
/* End PBXProject section */

/* Begin PBXResourcesBuildPhase section */
		6735F9C8216F765600F927E4 /* Resources */ = {
			isa = PBXResourcesBuildPhase;
			buildActionMask = 2147483647;
			files = (
				6735F9D9216F765600F927E4 /* Main.storyboard in Resources */,
				6735F9D0216F765600F927E4 /* GameScene.sks in Resources */,
				6735F9DB216F765800F927E4 /* Assets.xcassets in Resources */,
				6735F9DE216F765800F927E4 /* LaunchScreen.storyboard in Resources */,
			);
			runOnlyForDeploymentPostprocessing = 0;
		};
		6735F9E2216F765800F927E4 /* Resources */ = {
			isa = PBXResourcesBuildPhase;
			buildActionMask = 2147483647;
			files = (
			);
			runOnlyForDeploymentPostprocessing = 0;
		};
/* End PBXResourcesBuildPhase section */

/* Begin PBXSourcesBuildPhase section */
		6735F9C6216F765600F927E4 /* Sources */ = {
			isa = PBXSourcesBuildPhase;
			buildActionMask = 2147483647;
			files = (
				6735F9D4216F765600F927E4 /* GameScene.swift in Sources */,
				6735F9D6216F765600F927E4 /* GameViewController.swift in Sources */,
				6735F9CE216F765600F927E4 /* AppDelegate.swift in Sources */,
			);
			runOnlyForDeploymentPostprocessing = 0;
		};
		6735F9E0216F765800F927E4 /* Sources */ = {
			isa = PBXSourcesBuildPhase;
			buildActionMask = 2147483647;
			files = (
				6735F9E9216F765800F927E4 /* HoleAppTests.swift in Sources */,
			);
			runOnlyForDeploymentPostprocessing = 0;
		};
/* End PBXSourcesBuildPhase section */

/* Begin PBXTargetDependency section */
		6735F9E6216F765800F927E4 /* PBXTargetDependency */ = {
			isa = PBXTargetDependency;
			target = 6735F9C9216F765600F927E4 /* HoleApp */;
			targetProxy = 6735F9E5216F765800F927E4 /* PBXContainerItemProxy */;
		};
/* End PBXTargetDependency section */

/* Begin PBXVariantGroup section */
		6735F9D7216F765600F927E4 /* Main.storyboard */ = {
			isa = PBXVariantGroup;
			children = (
				6735F9D8216F765600F927E4 /* Base */,
			);
			name = Main.storyboard;
			sourceTree = "<group>";
		};
		6735F9DC216F765800F927E4 /* LaunchScreen.storyboard */ = {
			isa = PBXVariantGroup;
			children = (
				6735F9DD216F765800F927E4 /* Base */,
			);
			name = LaunchScreen.storyboard;
			sourceTree = "<group>";
		};
/* End PBXVariantGroup section */

/* Begin XCBuildConfiguration section */
		6735F9EB216F765800F927E4 /* Debug */ = {
			isa = XCBuildConfiguration;
			buildSettings = {
				ALWAYS_SEARCH_USER_PATHS = NO;
				CLANG_ANALYZER_NONNULL = YES;
				CLANG_ANALYZER_NUMBER_OBJECT_CONVERSION = YES_AGGRESSIVE;
				CLANG_CXX_LANGUAGE_STANDARD = "gnu++14";
				CLANG_CXX_LIBRARY = "libc++";
				CLANG_ENABLE_MODULES = YES;
				CLANG_ENABLE_OBJC_ARC = YES;
				CLANG_ENABLE_OBJC_WEAK = YES;
				CLANG_WARN_BLOCK_CAPTURE_AUTORELEASING = YES;
				CLANG_WARN_BOOL_CONVERSION = YES;
				CLANG_WARN_COMMA = YES;
				CLANG_WARN_CONSTANT_CONVERSION = YES;
				CLANG_WARN_DEPRECATED_OBJC_IMPLEMENTATIONS = YES;
				CLANG_WARN_DIRECT_OBJC_ISA_USAGE = YES_ERROR;
				CLANG_WARN_DOCUMENTATION_COMMENTS = YES;
				CLANG_WARN_EMPTY_BODY = YES;
				CLANG_WARN_ENUM_CONVERSION = YES;
				CLANG_WARN_INFINITE_RECURSION = YES;
				CLANG_WARN_INT_CONVERSION = YES;
				CLANG_WARN_NON_LITERAL_NULL_CONVERSION = YES;
				CLANG_WARN_OBJC_IMPLICIT_RETAIN_SELF = YES;
				CLANG_WARN_OBJC_LITERAL_CONVERSION = YES;
				CLANG_WARN_OBJC_ROOT_CLASS = YES_ERROR;
				CLANG_WARN_RANGE_LOOP_ANALYSIS = YES;
				CLANG_WARN_STRICT_PROTOTYPES = YES;
				CLANG_WARN_SUSPICIOUS_MOVE = YES;
				CLANG_WARN_UNGUARDED_AVAILABILITY = YES_AGGRESSIVE;
				CLANG_WARN_UNREACHABLE_CODE = YES;
				CLANG_WARN__DUPLICATE_METHOD_MATCH = YES;
				CODE_SIGN_IDENTITY = "iPhone Developer";
				COPY_PHASE_STRIP = NO;
				DEBUG_INFORMATION_FORMAT = dwarf;
				ENABLE_STRICT_OBJC_MSGSEND = YES;
				ENABLE_TESTABILITY = YES;
				GCC_C_LANGUAGE_STANDARD = gnu11;
				GCC_DYNAMIC_NO_PIC = NO;
				GCC_NO_COMMON_BLOCKS = YES;
				GCC_OPTIMIZATION_LEVEL = 0;
				GCC_PREPROCESSOR_DEFINITIONS = (
					"DEBUG=1",
					"$(inherited)",
				);
				GCC_WARN_64_TO_32_BIT_CONVERSION = YES;
				GCC_WARN_ABOUT_RETURN_TYPE = YES_ERROR;
				GCC_WARN_UNDECLARED_SELECTOR = YES;
				GCC_WARN_UNINITIALIZED_AUTOS = YES_AGGRESSIVE;
				GCC_WARN_UNUSED_FUNCTION = YES;
				GCC_WARN_UNUSED_VARIABLE = YES;
				IPHONEOS_DEPLOYMENT_TARGET = 12.0;
				MTL_ENABLE_DEBUG_INFO = INCLUDE_SOURCE;
				MTL_FAST_MATH = YES;
				ONLY_ACTIVE_ARCH = YES;
				SDKROOT = iphoneos;
				SWIFT_ACTIVE_COMPILATION_CONDITIONS = DEBUG;
				SWIFT_OPTIMIZATION_LEVEL = "-Onone";
			};
			name = Debug;
		};
		6735F9EC216F765800F927E4 /* Release */ = {
			isa = XCBuildConfiguration;
			buildSettings = {
				ALWAYS_SEARCH_USER_PATHS = NO;
				CLANG_ANALYZER_NONNULL = YES;
				CLANG_ANALYZER_NUMBER_OBJECT_CONVERSION = YES_AGGRESSIVE;
				CLANG_CXX_LANGUAGE_STANDARD = "gnu++14";
				CLANG_CXX_LIBRARY = "libc++";
				CLANG_ENABLE_MODULES = YES;
				CLANG_ENABLE_OBJC_ARC = YES;
				CLANG_ENABLE_OBJC_WEAK = YES;
				CLANG_WARN_BLOCK_CAPTURE_AUTORELEASING = YES;
				CLANG_WARN_BOOL_CONVERSION = YES;
				CLANG_WARN_COMMA = YES;
				CLANG_WARN_CONSTANT_CONVERSION = YES;
				CLANG_WARN_DEPRECATED_OBJC_IMPLEMENTATIONS = YES;
				CLANG_WARN_DIRECT_OBJC_ISA_USAGE = YES_ERROR;
				CLANG_WARN_DOCUMENTATION_COMMENTS = YES;
				CLANG_WARN_EMPTY_BODY = YES;
				CLANG_WARN_ENUM_CONVERSION = YES;
				CLANG_WARN_INFINITE_RECURSION = YES;
				CLANG_WARN_INT_CONVERSION = YES;
				CLANG_WARN_NON_LITERAL_NULL_CONVERSION = YES;
				CLANG_WARN_OBJC_IMPLICIT_RETAIN_SELF = YES;
				CLANG_WARN_OBJC_LITERAL_CONVERSION = YES;
				CLANG_WARN_OBJC_ROOT_CLASS = YES_ERROR;
				CLANG_WARN_RANGE_LOOP_ANALYSIS = YES;
				CLANG_WARN_STRICT_PROTOTYPES = YES;
				CLANG_WARN_SUSPICIOUS_MOVE = YES;
				CLANG_WARN_UNGUARDED_AVAILABILITY = YES_AGGRESSIVE;
				CLANG_WARN_UNREACHABLE_CODE = YES;
				CLANG_WARN__DUPLICATE_METHOD_MATCH = YES;
				CODE_SIGN_IDENTITY = "iPhone Developer";
				COPY_PHASE_STRIP = NO;
				DEBUG_INFORMATION_FORMAT = "dwarf-with-dsym";
				ENABLE_NS_ASSERTIONS = NO;
				ENABLE_STRICT_OBJC_MSGSEND = YES;
				GCC_C_LANGUAGE_STANDARD = gnu11;
				GCC_NO_COMMON_BLOCKS = YES;
				GCC_WARN_64_TO_32_BIT_CONVERSION = YES;
				GCC_WARN_ABOUT_RETURN_TYPE = YES_ERROR;
				GCC_WARN_UNDECLARED_SELECTOR = YES;
				GCC_WARN_UNINITIALIZED_AUTOS = YES_AGGRESSIVE;
				GCC_WARN_UNUSED_FUNCTION = YES;
				GCC_WARN_UNUSED_VARIABLE = YES;
				IPHONEOS_DEPLOYMENT_TARGET = 12.0;
				MTL_ENABLE_DEBUG_INFO = NO;
				MTL_FAST_MATH = YES;
				SDKROOT = iphoneos;
				SWIFT_COMPILATION_MODE = wholemodule;
				SWIFT_OPTIMIZATION_LEVEL = "-O";
				VALIDATE_PRODUCT = YES;
			};
			name = Release;
		};
		6735F9EE216F765800F927E4 /* Debug */ = {
			isa = XCBuildConfiguration;
			buildSettings = {
				ASSETCATALOG_COMPILER_APPICON_NAME = AppIcon;
				CODE_SIGN_STYLE = Automatic;
				DEVELOPMENT_TEAM = QA8E8RMHCT;
				INFOPLIST_FILE = HoleApp/Info.plist;
				LD_RUNPATH_SEARCH_PATHS = (
					"$(inherited)",
					"@executable_path/Frameworks",
				);
				PRODUCT_BUNDLE_IDENTIFIER = com.hole.HoleApp;
				PRODUCT_NAME = "$(TARGET_NAME)";
				SWIFT_VERSION = 4.2;
				TARGETED_DEVICE_FAMILY = "1,2";
			};
			name = Debug;
		};
		6735F9EF216F765800F927E4 /* Release */ = {
			isa = XCBuildConfiguration;
			buildSettings = {
				ASSETCATALOG_COMPILER_APPICON_NAME = AppIcon;
				CODE_SIGN_STYLE = Automatic;
				DEVELOPMENT_TEAM = QA8E8RMHCT;
				INFOPLIST_FILE = HoleApp/Info.plist;
				LD_RUNPATH_SEARCH_PATHS = (
					"$(inherited)",
					"@executable_path/Frameworks",
				);
				PRODUCT_BUNDLE_IDENTIFIER = com.hole.HoleApp;
				PRODUCT_NAME = "$(TARGET_NAME)";
				SWIFT_VERSION = 4.2;
				TARGETED_DEVICE_FAMILY = "1,2";
			};
			name = Release;
		};
		6735F9F1216F765800F927E4 /* Debug */ = {
			isa = XCBuildConfiguration;
			buildSettings = {
				ALWAYS_EMBED_SWIFT_STANDARD_LIBRARIES = YES;
				BUNDLE_LOADER = "$(TEST_HOST)";
				CODE_SIGN_STYLE = Automatic;
				DEVELOPMENT_TEAM = QA8E8RMHCT;
				INFOPLIST_FILE = HoleAppTests/Info.plist;
				LD_RUNPATH_SEARCH_PATHS = (
					"$(inherited)",
					"@executable_path/Frameworks",
					"@loader_path/Frameworks",
				);
				PRODUCT_BUNDLE_IDENTIFIER = com.hole.HoleAppTests;
				PRODUCT_NAME = "$(TARGET_NAME)";
				SWIFT_VERSION = 4.2;
				TARGETED_DEVICE_FAMILY = "1,2";
				TEST_HOST = "$(BUILT_PRODUCTS_DIR)/HoleApp.app/HoleApp";
			};
			name = Debug;
		};
		6735F9F2216F765800F927E4 /* Release */ = {
			isa = XCBuildConfiguration;
			buildSettings = {
				ALWAYS_EMBED_SWIFT_STANDARD_LIBRARIES = YES;
				BUNDLE_LOADER = "$(TEST_HOST)";
				CODE_SIGN_STYLE = Automatic;
				DEVELOPMENT_TEAM = QA8E8RMHCT;
				INFOPLIST_FILE = HoleAppTests/Info.plist;
				LD_RUNPATH_SEARCH_PATHS = (
					"$(inherited)",
					"@executable_path/Frameworks",
					"@loader_path/Frameworks",
				);
				PRODUCT_BUNDLE_IDENTIFIER = com.hole.HoleAppTests;
				PRODUCT_NAME = "$(TARGET_NAME)";
				SWIFT_VERSION = 4.2;
				TARGETED_DEVICE_FAMILY = "1,2";
				TEST_HOST = "$(BUILT_PRODUCTS_DIR)/HoleApp.app/HoleApp";
			};
			name = Release;
		};
/* End XCBuildConfiguration section */

/* Begin XCConfigurationList section */
		6735F9C5216F765600F927E4 /* Build configuration list for PBXProject "HoleApp" */ = {
			isa = XCConfigurationList;
			buildConfigurations = (
				6735F9EB216F765800F927E4 /* Debug */,
				6735F9EC216F765800F927E4 /* Release */,
			);
			defaultConfigurationIsVisible = 0;
			defaultConfigurationName = Release;
		};
		6735F9ED216F765800F927E4 /* Build configuration list for PBXNativeTarget "HoleApp" */ = {
			isa = XCConfigurationList;
			buildConfigurations = (
				6735F9EE216F765800F927E4 /* Debug */,
				6735F9EF216F765800F927E4 /* Release */,
			);
			defaultConfigurationIsVisible = 0;
			defaultConfigurationName = Release;
		};
		6735F9F0216F765800F927E4 /* Build configuration list for PBXNativeTarget "HoleAppTests" */ = {
			isa = XCConfigurationList;
			buildConfigurations = (
				6735F9F1216F765800F927E4 /* Debug */,
				6735F9F2216F765800F927E4 /* Release */,
			);
			defaultConfigurationIsVisible = 0;
			defaultConfigurationName = Release;
		};
/* End XCConfigurationList section */
	};
	rootObject = 6735F9C2216F765600F927E4 /* Project object */;
}
