// !$*UTF8*$!
{
	archiveVersion = 1;
	classes = {
	};
	objectVersion = 50;
	objects = {

/* Begin PBXBuildFile section */
		6735F969216E7D9D00F927E4 /* AppDelegate.swift in Sources */ = {isa = PBXBuildFile; fileRef = 6735F968216E7D9D00F927E4 /* AppDelegate.swift */; };
		6735F96B216E7D9D00F927E4 /* ViewController.swift in Sources */ = {isa = PBXBuildFile; fileRef = 6735F96A216E7D9D00F927E4 /* ViewController.swift */; };
		6735F96D216E7D9F00F927E4 /* Assets.xcassets in Resources */ = {isa = PBXBuildFile; fileRef = 6735F96C216E7D9F00F927E4 /* Assets.xcassets */; };
		6735F970216E7D9F00F927E4 /* Main.storyboard in Resources */ = {isa = PBXBuildFile; fileRef = 6735F96E216E7D9F00F927E4 /* Main.storyboard */; };
		6735F97C216E7D9F00F927E4 /* HoleTests.swift in Sources */ = {isa = PBXBuildFile; fileRef = 6735F97B216E7D9F00F927E4 /* HoleTests.swift */; };
/* End PBXBuildFile section */

/* Begin PBXContainerItemProxy section */
		6735F978216E7D9F00F927E4 /* PBXContainerItemProxy */ = {
			isa = PBXContainerItemProxy;
			containerPortal = 6735F95D216E7D9D00F927E4 /* Project object */;
			proxyType = 1;
			remoteGlobalIDString = 6735F964216E7D9D00F927E4;
			remoteInfo = Hole;
		};
/* End PBXContainerItemProxy section */

/* Begin PBXFileReference section */
		6735F965216E7D9D00F927E4 /* Hole.app */ = {isa = PBXFileReference; explicitFileType = wrapper.application; includeInIndex = 0; path = Hole.app; sourceTree = BUILT_PRODUCTS_DIR; };
		6735F968216E7D9D00F927E4 /* AppDelegate.swift */ = {isa = PBXFileReference; lastKnownFileType = sourcecode.swift; path = AppDelegate.swift; sourceTree = "<group>"; };
		6735F96A216E7D9D00F927E4 /* ViewController.swift */ = {isa = PBXFileReference; lastKnownFileType = sourcecode.swift; path = ViewController.swift; sourceTree = "<group>"; };
		6735F96C216E7D9F00F927E4 /* Assets.xcassets */ = {isa = PBXFileReference; lastKnownFileType = folder.assetcatalog; path = Assets.xcassets; sourceTree = "<group>"; };
		6735F96F216E7D9F00F927E4 /* Base */ = {isa = PBXFileReference; lastKnownFileType = file.storyboard; name = Base; path = Base.lproj/Main.storyboard; sourceTree = "<group>"; };
		6735F971216E7D9F00F927E4 /* Info.plist */ = {isa = PBXFileReference; lastKnownFileType = text.plist.xml; path = Info.plist; sourceTree = "<group>"; };
		6735F972216E7D9F00F927E4 /* Hole.entitlements */ = {isa = PBXFileReference; lastKnownFileType = text.plist.entitlements; path = Hole.entitlements; sourceTree = "<group>"; };
		6735F977216E7D9F00F927E4 /* HoleTests.xctest */ = {isa = PBXFileReference; explicitFileType = wrapper.cfbundle; includeInIndex = 0; path = HoleTests.xctest; sourceTree = BUILT_PRODUCTS_DIR; };
		6735F97B216E7D9F00F927E4 /* HoleTests.swift */ = {isa = PBXFileReference; lastKnownFileType = sourcecode.swift; path = HoleTests.swift; sourceTree = "<group>"; };
		6735F97D216E7D9F00F927E4 /* Info.plist */ = {isa = PBXFileReference; lastKnownFileType = text.plist.xml; path = Info.plist; sourceTree = "<group>"; };
/* End PBXFileReference section */

/* Begin PBXFrameworksBuildPhase section */
		6735F962216E7D9D00F927E4 /* Frameworks */ = {
			isa = PBXFrameworksBuildPhase;
			buildActionMask = 2147483647;
			files = (
			);
			runOnlyForDeploymentPostprocessing = 0;
		};
		6735F974216E7D9F00F927E4 /* Frameworks */ = {
			isa = PBXFrameworksBuildPhase;
			buildActionMask = 2147483647;
			files = (
			);
			runOnlyForDeploymentPostprocessing = 0;
		};
/* End PBXFrameworksBuildPhase section */

/* Begin PBXGroup section */
		6735F95C216E7D9D00F927E4 = {
			isa = PBXGroup;
			children = (
				6735F967216E7D9D00F927E4 /* Hole */,
				6735F97A216E7D9F00F927E4 /* HoleTests */,
				6735F966216E7D9D00F927E4 /* Products */,
			);
			sourceTree = "<group>";
		};
		6735F966216E7D9D00F927E4 /* Products */ = {
			isa = PBXGroup;
			children = (
				6735F965216E7D9D00F927E4 /* Hole.app */,
				6735F977216E7D9F00F927E4 /* HoleTests.xctest */,
			);
			name = Products;
			sourceTree = "<group>";
		};
		6735F967216E7D9D00F927E4 /* Hole */ = {
			isa = PBXGroup;
			children = (
				6735F968216E7D9D00F927E4 /* AppDelegate.swift */,
				6735F96A216E7D9D00F927E4 /* ViewController.swift */,
				6735F96C216E7D9F00F927E4 /* Assets.xcassets */,
				6735F96E216E7D9F00F927E4 /* Main.storyboard */,
				6735F971216E7D9F00F927E4 /* Info.plist */,
				6735F972216E7D9F00F927E4 /* Hole.entitlements */,
			);
			path = Hole;
			sourceTree = "<group>";
		};
		6735F97A216E7D9F00F927E4 /* HoleTests */ = {
			isa = PBXGroup;
			children = (
				6735F97B216E7D9F00F927E4 /* HoleTests.swift */,
				6735F97D216E7D9F00F927E4 /* Info.plist */,
			);
			path = HoleTests;
			sourceTree = "<group>";
		};
/* End PBXGroup section */

/* Begin PBXNativeTarget section */
		6735F964216E7D9D00F927E4 /* Hole */ = {
			isa = PBXNativeTarget;
			buildConfigurationList = 6735F980216E7D9F00F927E4 /* Build configuration list for PBXNativeTarget "Hole" */;
			buildPhases = (
				6735F961216E7D9D00F927E4 /* Sources */,
				6735F962216E7D9D00F927E4 /* Frameworks */,
				6735F963216E7D9D00F927E4 /* Resources */,
			);
			buildRules = (
			);
			dependencies = (
			);
			name = Hole;
			productName = Hole;
			productReference = 6735F965216E7D9D00F927E4 /* Hole.app */;
			productType = "com.apple.product-type.application";
		};
		6735F976216E7D9F00F927E4 /* HoleTests */ = {
			isa = PBXNativeTarget;
			buildConfigurationList = 6735F983216E7D9F00F927E4 /* Build configuration list for PBXNativeTarget "HoleTests" */;
			buildPhases = (
				6735F973216E7D9F00F927E4 /* Sources */,
				6735F974216E7D9F00F927E4 /* Frameworks */,
				6735F975216E7D9F00F927E4 /* Resources */,
			);
			buildRules = (
			);
			dependencies = (
				6735F979216E7D9F00F927E4 /* PBXTargetDependency */,
			);
			name = HoleTests;
			productName = HoleTests;
			productReference = 6735F977216E7D9F00F927E4 /* HoleTests.xctest */;
			productType = "com.apple.product-type.bundle.unit-test";
		};
/* End PBXNativeTarget section */

/* Begin PBXProject section */
		6735F95D216E7D9D00F927E4 /* Project object */ = {
			isa = PBXProject;
			attributes = {
				LastSwiftUpdateCheck = 1000;
				LastUpgradeCheck = 1000;
				ORGANIZATIONNAME = nthState;
				TargetAttributes = {
					6735F964216E7D9D00F927E4 = {
						CreatedOnToolsVersion = 10.0;
					};
					6735F976216E7D9F00F927E4 = {
						CreatedOnToolsVersion = 10.0;
						TestTargetID = 6735F964216E7D9D00F927E4;
					};
				};
			};
			buildConfigurationList = 6735F960216E7D9D00F927E4 /* Build configuration list for PBXProject "Hole" */;
			compatibilityVersion = "Xcode 9.3";
			developmentRegion = en;
			hasScannedForEncodings = 0;
			knownRegions = (
				en,
				Base,
			);
			mainGroup = 6735F95C216E7D9D00F927E4;
			productRefGroup = 6735F966216E7D9D00F927E4 /* Products */;
			projectDirPath = "";
			projectRoot = "";
			targets = (
				6735F964216E7D9D00F927E4 /* Hole */,
				6735F976216E7D9F00F927E4 /* HoleTests */,
			);
		};
/* End PBXProject section */

/* Begin PBXResourcesBuildPhase section */
		6735F963216E7D9D00F927E4 /* Resources */ = {
			isa = PBXResourcesBuildPhase;
			buildActionMask = 2147483647;
			files = (
				6735F96D216E7D9F00F927E4 /* Assets.xcassets in Resources */,
				6735F970216E7D9F00F927E4 /* Main.storyboard in Resources */,
			);
			runOnlyForDeploymentPostprocessing = 0;
		};
		6735F975216E7D9F00F927E4 /* Resources */ = {
			isa = PBXResourcesBuildPhase;
			buildActionMask = 2147483647;
			files = (
			);
			runOnlyForDeploymentPostprocessing = 0;
		};
/* End PBXResourcesBuildPhase section */

/* Begin PBXSourcesBuildPhase section */
		6735F961216E7D9D00F927E4 /* Sources */ = {
			isa = PBXSourcesBuildPhase;
			buildActionMask = 2147483647;
			files = (
				6735F96B216E7D9D00F927E4 /* ViewController.swift in Sources */,
				6735F969216E7D9D00F927E4 /* AppDelegate.swift in Sources */,
			);
			runOnlyForDeploymentPostprocessing = 0;
		};
		6735F973216E7D9F00F927E4 /* Sources */ = {
			isa = PBXSourcesBuildPhase;
			buildActionMask = 2147483647;
			files = (
				6735F97C216E7D9F00F927E4 /* HoleTests.swift in Sources */,
			);
			runOnlyForDeploymentPostprocessing = 0;
		};
/* End PBXSourcesBuildPhase section */

/* Begin PBXTargetDependency section */
		6735F979216E7D9F00F927E4 /* PBXTargetDependency */ = {
			isa = PBXTargetDependency;
			target = 6735F964216E7D9D00F927E4 /* Hole */;
			targetProxy = 6735F978216E7D9F00F927E4 /* PBXContainerItemProxy */;
		};
/* End PBXTargetDependency section */

/* Begin PBXVariantGroup section */
		6735F96E216E7D9F00F927E4 /* Main.storyboard */ = {
			isa = PBXVariantGroup;
			children = (
				6735F96F216E7D9F00F927E4 /* Base */,
			);
			name = Main.storyboard;
			sourceTree = "<group>";
		};
/* End PBXVariantGroup section */

/* Begin XCBuildConfiguration section */
		6735F97E216E7D9F00F927E4 /* Debug */ = {
			isa = XCBuildConfiguration;
			buildSettings = {
				ALWAYS_SEARCH_USER_PATHS = NO;
				CLANG_ANALYZER_NONNULL = YES;
				CLANG_ANALYZER_NUMBER_OBJECT_CONVERSION = YES_AGGRESSIVE;
				CLANG_CXX_LANGUAGE_STANDARD = "gnu++14";
				CLANG_CXX_LIBRARY = "libc++";
				CLANG_ENABLE_MODULES = YES;
				CLANG_ENABLE_OBJC_ARC = YES;
				CLANG_ENABLE_OBJC_WEAK = YES;
				CLANG_WARN_BLOCK_CAPTURE_AUTORELEASING = YES;
				CLANG_WARN_BOOL_CONVERSION = YES;
				CLANG_WARN_COMMA = YES;
				CLANG_WARN_CONSTANT_CONVERSION = YES;
				CLANG_WARN_DEPRECATED_OBJC_IMPLEMENTATIONS = YES;
				CLANG_WARN_DIRECT_OBJC_ISA_USAGE = YES_ERROR;
				CLANG_WARN_DOCUMENTATION_COMMENTS = YES;
				CLANG_WARN_EMPTY_BODY = YES;
				CLANG_WARN_ENUM_CONVERSION = YES;
				CLANG_WARN_INFINITE_RECURSION = YES;
				CLANG_WARN_INT_CONVERSION = YES;
				CLANG_WARN_NON_LITERAL_NULL_CONVERSION = YES;
				CLANG_WARN_OBJC_IMPLICIT_RETAIN_SELF = YES;
				CLANG_WARN_OBJC_LITERAL_CONVERSION = YES;
				CLANG_WARN_OBJC_ROOT_CLASS = YES_ERROR;
				CLANG_WARN_RANGE_LOOP_ANALYSIS = YES;
				CLANG_WARN_STRICT_PROTOTYPES = YES;
				CLANG_WARN_SUSPICIOUS_MOVE = YES;
				CLANG_WARN_UNGUARDED_AVAILABILITY = YES_AGGRESSIVE;
				CLANG_WARN_UNREACHABLE_CODE = YES;
				CLANG_WARN__DUPLICATE_METHOD_MATCH = YES;
				CODE_SIGN_IDENTITY = "Mac Developer";
				COPY_PHASE_STRIP = NO;
				DEBUG_INFORMATION_FORMAT = dwarf;
				ENABLE_STRICT_OBJC_MSGSEND = YES;
				ENABLE_TESTABILITY = YES;
				GCC_C_LANGUAGE_STANDARD = gnu11;
				GCC_DYNAMIC_NO_PIC = NO;
				GCC_NO_COMMON_BLOCKS = YES;
				GCC_OPTIMIZATION_LEVEL = 0;
				GCC_PREPROCESSOR_DEFINITIONS = (
					"DEBUG=1",
					"$(inherited)",
				);
				GCC_WARN_64_TO_32_BIT_CONVERSION = YES;
				GCC_WARN_ABOUT_RETURN_TYPE = YES_ERROR;
				GCC_WARN_UNDECLARED_SELECTOR = YES;
				GCC_WARN_UNINITIALIZED_AUTOS = YES_AGGRESSIVE;
				GCC_WARN_UNUSED_FUNCTION = YES;
				GCC_WARN_UNUSED_VARIABLE = YES;
				MACOSX_DEPLOYMENT_TARGET = 10.13;
				MTL_ENABLE_DEBUG_INFO = INCLUDE_SOURCE;
				MTL_FAST_MATH = YES;
				ONLY_ACTIVE_ARCH = YES;
				SDKROOT = macosx;
				SWIFT_ACTIVE_COMPILATION_CONDITIONS = DEBUG;
				SWIFT_OPTIMIZATION_LEVEL = "-Onone";
			};
			name = Debug;
		};
		6735F97F216E7D9F00F927E4 /* Release */ = {
			isa = XCBuildConfiguration;
			buildSettings = {
				ALWAYS_SEARCH_USER_PATHS = NO;
				CLANG_ANALYZER_NONNULL = YES;
				CLANG_ANALYZER_NUMBER_OBJECT_CONVERSION = YES_AGGRESSIVE;
				CLANG_CXX_LANGUAGE_STANDARD = "gnu++14";
				CLANG_CXX_LIBRARY = "libc++";
				CLANG_ENABLE_MODULES = YES;
				CLANG_ENABLE_OBJC_ARC = YES;
				CLANG_ENABLE_OBJC_WEAK = YES;
				CLANG_WARN_BLOCK_CAPTURE_AUTORELEASING = YES;
				CLANG_WARN_BOOL_CONVERSION = YES;
				CLANG_WARN_COMMA = YES;
				CLANG_WARN_CONSTANT_CONVERSION = YES;
				CLANG_WARN_DEPRECATED_OBJC_IMPLEMENTATIONS = YES;
				CLANG_WARN_DIRECT_OBJC_ISA_USAGE = YES_ERROR;
				CLANG_WARN_DOCUMENTATION_COMMENTS = YES;
				CLANG_WARN_EMPTY_BODY = YES;
				CLANG_WARN_ENUM_CONVERSION = YES;
				CLANG_WARN_INFINITE_RECURSION = YES;
				CLANG_WARN_INT_CONVERSION = YES;
				CLANG_WARN_NON_LITERAL_NULL_CONVERSION = YES;
				CLANG_WARN_OBJC_IMPLICIT_RETAIN_SELF = YES;
				CLANG_WARN_OBJC_LITERAL_CONVERSION = YES;
				CLANG_WARN_OBJC_ROOT_CLASS = YES_ERROR;
				CLANG_WARN_RANGE_LOOP_ANALYSIS = YES;
				CLANG_WARN_STRICT_PROTOTYPES = YES;
				CLANG_WARN_SUSPICIOUS_MOVE = YES;
				CLANG_WARN_UNGUARDED_AVAILABILITY = YES_AGGRESSIVE;
				CLANG_WARN_UNREACHABLE_CODE = YES;
				CLANG_WARN__DUPLICATE_METHOD_MATCH = YES;
				CODE_SIGN_IDENTITY = "Mac Developer";
				COPY_PHASE_STRIP = NO;
				DEBUG_INFORMATION_FORMAT = "dwarf-with-dsym";
				ENABLE_NS_ASSERTIONS = NO;
				ENABLE_STRICT_OBJC_MSGSEND = YES;
				GCC_C_LANGUAGE_STANDARD = gnu11;
				GCC_NO_COMMON_BLOCKS = YES;
				GCC_WARN_64_TO_32_BIT_CONVERSION = YES;
				GCC_WARN_ABOUT_RETURN_TYPE = YES_ERROR;
				GCC_WARN_UNDECLARED_SELECTOR = YES;
				GCC_WARN_UNINITIALIZED_AUTOS = YES_AGGRESSIVE;
				GCC_WARN_UNUSED_FUNCTION = YES;
				GCC_WARN_UNUSED_VARIABLE = YES;
				MACOSX_DEPLOYMENT_TARGET = 10.13;
				MTL_ENABLE_DEBUG_INFO = NO;
				MTL_FAST_MATH = YES;
				SDKROOT = macosx;
				SWIFT_COMPILATION_MODE = wholemodule;
				SWIFT_OPTIMIZATION_LEVEL = "-O";
			};
			name = Release;
		};
		6735F981216E7D9F00F927E4 /* Debug */ = {
			isa = XCBuildConfiguration;
			buildSettings = {
				ASSETCATALOG_COMPILER_APPICON_NAME = AppIcon;
				CODE_SIGN_ENTITLEMENTS = Hole/Hole.entitlements;
				CODE_SIGN_STYLE = Automatic;
				COMBINE_HIDPI_IMAGES = YES;
				DEVELOPMENT_TEAM = QA8E8RMHCT;
				INFOPLIST_FILE = Hole/Info.plist;
				LD_RUNPATH_SEARCH_PATHS = (
					"$(inherited)",
					"@executable_path/../Frameworks",
				);
				PRODUCT_BUNDLE_IDENTIFIER = com.hole.Hole;
				PRODUCT_NAME = "$(TARGET_NAME)";
				SWIFT_VERSION = 4.2;
			};
			name = Debug;
		};
		6735F982216E7D9F00F927E4 /* Release */ = {
			isa = XCBuildConfiguration;
			buildSettings = {
				ASSETCATALOG_COMPILER_APPICON_NAME = AppIcon;
				CODE_SIGN_ENTITLEMENTS = Hole/Hole.entitlements;
				CODE_SIGN_STYLE = Automatic;
				COMBINE_HIDPI_IMAGES = YES;
				DEVELOPMENT_TEAM = QA8E8RMHCT;
				INFOPLIST_FILE = Hole/Info.plist;
				LD_RUNPATH_SEARCH_PATHS = (
					"$(inherited)",
					"@executable_path/../Frameworks",
				);
				PRODUCT_BUNDLE_IDENTIFIER = com.hole.Hole;
				PRODUCT_NAME = "$(TARGET_NAME)";
				SWIFT_VERSION = 4.2;
			};
			name = Release;
		};
		6735F984216E7D9F00F927E4 /* Debug */ = {
			isa = XCBuildConfiguration;
			buildSettings = {
				ALWAYS_EMBED_SWIFT_STANDARD_LIBRARIES = YES;
				BUNDLE_LOADER = "$(TEST_HOST)";
				CODE_SIGN_STYLE = Automatic;
				COMBINE_HIDPI_IMAGES = YES;
				DEVELOPMENT_TEAM = QA8E8RMHCT;
				INFOPLIST_FILE = HoleTests/Info.plist;
				LD_RUNPATH_SEARCH_PATHS = (
					"$(inherited)",
					"@executable_path/../Frameworks",
					"@loader_path/../Frameworks",
				);
				PRODUCT_BUNDLE_IDENTIFIER = com.hole.HoleTests;
				PRODUCT_NAME = "$(TARGET_NAME)";
				SWIFT_VERSION = 4.2;
				TEST_HOST = "$(BUILT_PRODUCTS_DIR)/Hole.app/Contents/MacOS/Hole";
			};
			name = Debug;
		};
		6735F985216E7D9F00F927E4 /* Release */ = {
			isa = XCBuildConfiguration;
			buildSettings = {
				ALWAYS_EMBED_SWIFT_STANDARD_LIBRARIES = YES;
				BUNDLE_LOADER = "$(TEST_HOST)";
				CODE_SIGN_STYLE = Automatic;
				COMBINE_HIDPI_IMAGES = YES;
				DEVELOPMENT_TEAM = QA8E8RMHCT;
				INFOPLIST_FILE = HoleTests/Info.plist;
				LD_RUNPATH_SEARCH_PATHS = (
					"$(inherited)",
					"@executable_path/../Frameworks",
					"@loader_path/../Frameworks",
				);
				PRODUCT_BUNDLE_IDENTIFIER = com.hole.HoleTests;
				PRODUCT_NAME = "$(TARGET_NAME)";
				SWIFT_VERSION = 4.2;
				TEST_HOST = "$(BUILT_PRODUCTS_DIR)/Hole.app/Contents/MacOS/Hole";
			};
			name = Release;
		};
/* End XCBuildConfiguration section */

/* Begin XCConfigurationList section */
		6735F960216E7D9D00F927E4 /* Build configuration list for PBXProject "Hole" */ = {
			isa = XCConfigurationList;
			buildConfigurations = (
				6735F97E216E7D9F00F927E4 /* Debug */,
				6735F97F216E7D9F00F927E4 /* Release */,
			);
			defaultConfigurationIsVisible = 0;
			defaultConfigurationName = Release;
		};
		6735F980216E7D9F00F927E4 /* Build configuration list for PBXNativeTarget "Hole" */ = {
			isa = XCConfigurationList;
			buildConfigurations = (
				6735F981216E7D9F00F927E4 /* Debug */,
				6735F982216E7D9F00F927E4 /* Release */,
			);
			defaultConfigurationIsVisible = 0;
			defaultConfigurationName = Release;
		};
		6735F983216E7D9F00F927E4 /* Build configuration list for PBXNativeTarget "HoleTests" */ = {
			isa = XCConfigurationList;
			buildConfigurations = (
				6735F984216E7D9F00F927E4 /* Debug */,
				6735F985216E7D9F00F927E4 /* Release */,
			);
			defaultConfigurationIsVisible = 0;
			defaultConfigurationName = Release;
		};
/* End XCConfigurationList section */
	};
	rootObject = 6735F95D216E7D9D00F927E4 /* Project object */;
}
